
Microsoft Visual Studio Solution File, Format Version 12.00
# Visual Studio Version 17
VisualStudioVersion = 17.10.35027.167
MinimumVisualStudioVersion = 10.0.40219.1
Project("{FAE04EC0-301F-11D3-BF4B-00C04F79EFBC}") = "pryGauna_Gestion", "pryGauna_Gestion\pryGauna_Gestion.csproj", "{A1AE064D-2521-4C6B-8EA2-C7B3CA42BBFB}"
EndProject
Global
	GlobalSection(SolutionConfigurationPlatforms) = preSolution
		Debug|Any CPU = Debug|Any CPU
		Release|Any CPU = Release|Any CPU
	EndGlobalSection
	GlobalSection(ProjectConfigurationPlatforms) = postSolution
		{A1AE064D-2521-4C6B-8EA2-C7B3CA42BBFB}.Debug|Any CPU.ActiveCfg = Debug|Any CPU
		{A1AE064D-2521-4C6B-8EA2-C7B3CA42BBFB}.Debug|Any CPU.Build.0 = Debug|Any CPU
		{A1AE064D-2521-4C6B-8EA2-C7B3CA42BBFB}.Release|Any CPU.ActiveCfg = Release|Any CPU
		{A1AE064D-2521-4C6B-8EA2-C7B3CA42BBFB}.Release|Any CPU.Build.0 = Release|Any CPU
	EndGlobalSection
	GlobalSection(SolutionProperties) = preSolution
		HideSolutionNode = FALSE
	EndGlobalSection
	GlobalSection(ExtensibilityGlobals) = postSolution
		SolutionGuid = {2F71942A-FDC3-4CD9-8909-B0EF892774D8}
	EndGlobalSection
EndGlobal
